// !$*UTF8*$!
{
	archiveVersion = 1;
	classes = {
	};
	objectVersion = 55;
	objects = {

/* Begin PBXBuildFile section */
		553BC3277FF092DA9B8BBDFD /* Pods_GiphySearch.framework in Frameworks */ = {isa = PBXBuildFile; fileRef = E0980F7659886E5AE1DCEE90 /* Pods_GiphySearch.framework */; };
		AF94A0C6F47D2553FBA96E49 /* Pods_GiphySearchTests.framework in Frameworks */ = {isa = PBXBuildFile; fileRef = E5DA6F22857E8BA32D645374 /* Pods_GiphySearchTests.framework */; };
		E25693B0286C272400548C34 /* Cache.swift in Sources */ = {isa = PBXBuildFile; fileRef = E25693AF286C272400548C34 /* Cache.swift */; };
		E25693BE286C924600548C34 /* UserDefaultsExtension.swift in Sources */ = {isa = PBXBuildFile; fileRef = E25693BD286C924600548C34 /* UserDefaultsExtension.swift */; };
		E25693C0286C989900548C34 /* FavoriteManager.swift in Sources */ = {isa = PBXBuildFile; fileRef = E25693BF286C989900548C34 /* FavoriteManager.swift */; };
		E2809235286BCDF4000F2C5D /* SearchPresenter.swift in Sources */ = {isa = PBXBuildFile; fileRef = E280922F286BCDF4000F2C5D /* SearchPresenter.swift */; };
		E2809236286BCDF4000F2C5D /* SearchWorker.swift in Sources */ = {isa = PBXBuildFile; fileRef = E2809230286BCDF4000F2C5D /* SearchWorker.swift */; };
		E2809237286BCDF4000F2C5D /* SearchRouter.swift in Sources */ = {isa = PBXBuildFile; fileRef = E2809231286BCDF4000F2C5D /* SearchRouter.swift */; };
		E2809238286BCDF4000F2C5D /* SearchModels.swift in Sources */ = {isa = PBXBuildFile; fileRef = E2809232286BCDF4000F2C5D /* SearchModels.swift */; };
		E2809239286BCDF4000F2C5D /* SearchViewController.swift in Sources */ = {isa = PBXBuildFile; fileRef = E2809233286BCDF4000F2C5D /* SearchViewController.swift */; };
		E280923A286BCDF4000F2C5D /* SearchInteractor.swift in Sources */ = {isa = PBXBuildFile; fileRef = E2809234286BCDF4000F2C5D /* SearchInteractor.swift */; };
		E280923C286BD129000F2C5D /* Search.storyboard in Resources */ = {isa = PBXBuildFile; fileRef = E280923B286BD129000F2C5D /* Search.storyboard */; };
		E280923F286BDCBF000F2C5D /* GiphyAPI.swift in Sources */ = {isa = PBXBuildFile; fileRef = E280923E286BDCBF000F2C5D /* GiphyAPI.swift */; };
		E2809241286BE0B8000F2C5D /* Constants.swift in Sources */ = {isa = PBXBuildFile; fileRef = E2809240286BE0B8000F2C5D /* Constants.swift */; };
		E2809245286BE182000F2C5D /* Meta.swift in Sources */ = {isa = PBXBuildFile; fileRef = E2809244286BE182000F2C5D /* Meta.swift */; };
		E2809247286BE2D5000F2C5D /* Pagination.swift in Sources */ = {isa = PBXBuildFile; fileRef = E2809246286BE2D5000F2C5D /* Pagination.swift */; };
		E2809249286BE753000F2C5D /* Gif.swift in Sources */ = {isa = PBXBuildFile; fileRef = E2809248286BE753000F2C5D /* Gif.swift */; };
		E280924C286BEE22000F2C5D /* GifsResponse.swift in Sources */ = {isa = PBXBuildFile; fileRef = E280924B286BEE22000F2C5D /* GifsResponse.swift */; };
		E280924E286BF4E9000F2C5D /* ApiError.swift in Sources */ = {isa = PBXBuildFile; fileRef = E280924D286BF4E9000F2C5D /* ApiError.swift */; };
		E2809254286BF55E000F2C5D /* SearchViewControllerTests.swift in Sources */ = {isa = PBXBuildFile; fileRef = E2809250286BF55E000F2C5D /* SearchViewControllerTests.swift */; };
		E2809255286BF55E000F2C5D /* SearchInteractorTests.swift in Sources */ = {isa = PBXBuildFile; fileRef = E2809251286BF55E000F2C5D /* SearchInteractorTests.swift */; };
		E2809256286BF55E000F2C5D /* SearchWorkerTests.swift in Sources */ = {isa = PBXBuildFile; fileRef = E2809252286BF55E000F2C5D /* SearchWorkerTests.swift */; };
		E2809257286BF55E000F2C5D /* SearchPresenterTests.swift in Sources */ = {isa = PBXBuildFile; fileRef = E2809253286BF55E000F2C5D /* SearchPresenterTests.swift */; };
		E283FC1F286C1826005AC4E4 /* GifItemCell.swift in Sources */ = {isa = PBXBuildFile; fileRef = E283FC1E286C1826005AC4E4 /* GifItemCell.swift */; };
		E2C84333286BC15000424D24 /* AppDelegate.swift in Sources */ = {isa = PBXBuildFile; fileRef = E2C84332286BC15000424D24 /* AppDelegate.swift */; };
		E2C8433C286BC15100424D24 /* Assets.xcassets in Resources */ = {isa = PBXBuildFile; fileRef = E2C8433B286BC15100424D24 /* Assets.xcassets */; };
		E2C8433F286BC15100424D24 /* LaunchScreen.storyboard in Resources */ = {isa = PBXBuildFile; fileRef = E2C8433D286BC15100424D24 /* LaunchScreen.storyboard */; };
		E2C8434A286BC15100424D24 /* GiphySearchTests.swift in Sources */ = {isa = PBXBuildFile; fileRef = E2C84349286BC15100424D24 /* GiphySearchTests.swift */; };
		E2C84365286BC5B000424D24 /* README.md in Resources */ = {isa = PBXBuildFile; fileRef = E2C84364286BC5B000424D24 /* README.md */; };
		E2F0E30D286DDC0000E57120 /* DetailViewController.swift in Sources */ = {isa = PBXBuildFile; fileRef = E2F0E307286DDC0000E57120 /* DetailViewController.swift */; };
		E2F0E30E286DDC0000E57120 /* DetailPresenter.swift in Sources */ = {isa = PBXBuildFile; fileRef = E2F0E308286DDC0000E57120 /* DetailPresenter.swift */; };
		E2F0E30F286DDC0000E57120 /* DetailInteractor.swift in Sources */ = {isa = PBXBuildFile; fileRef = E2F0E309286DDC0000E57120 /* DetailInteractor.swift */; };
		E2F0E310286DDC0000E57120 /* DetailWorker.swift in Sources */ = {isa = PBXBuildFile; fileRef = E2F0E30A286DDC0000E57120 /* DetailWorker.swift */; };
		E2F0E311286DDC0000E57120 /* DetailRouter.swift in Sources */ = {isa = PBXBuildFile; fileRef = E2F0E30B286DDC0000E57120 /* DetailRouter.swift */; };
		E2F0E312286DDC0000E57120 /* DetailModels.swift in Sources */ = {isa = PBXBuildFile; fileRef = E2F0E30C286DDC0000E57120 /* DetailModels.swift */; };
		E2F0E314286DDFC500E57120 /* SearchHeaderViewCell.swift in Sources */ = {isa = PBXBuildFile; fileRef = E2F0E313286DDFC500E57120 /* SearchHeaderViewCell.swift */; };
		E2F0E31D286E667400E57120 /* FavoritePresenter.swift in Sources */ = {isa = PBXBuildFile; fileRef = E2F0E317286E667400E57120 /* FavoritePresenter.swift */; };
		E2F0E31E286E667400E57120 /* FavoriteWorker.swift in Sources */ = {isa = PBXBuildFile; fileRef = E2F0E318286E667400E57120 /* FavoriteWorker.swift */; };
		E2F0E31F286E667400E57120 /* FavoriteRouter.swift in Sources */ = {isa = PBXBuildFile; fileRef = E2F0E319286E667400E57120 /* FavoriteRouter.swift */; };
		E2F0E320286E667400E57120 /* FavoriteModels.swift in Sources */ = {isa = PBXBuildFile; fileRef = E2F0E31A286E667400E57120 /* FavoriteModels.swift */; };
		E2F0E321286E667400E57120 /* FavoriteViewController.swift in Sources */ = {isa = PBXBuildFile; fileRef = E2F0E31B286E667400E57120 /* FavoriteViewController.swift */; };
		E2F0E322286E667400E57120 /* FavoriteInteractor.swift in Sources */ = {isa = PBXBuildFile; fileRef = E2F0E31C286E667400E57120 /* FavoriteInteractor.swift */; };
		E2F0E324286E669500E57120 /* Main.storyboard in Resources */ = {isa = PBXBuildFile; fileRef = E2F0E323286E669500E57120 /* Main.storyboard */; };
		E2F0E327286E66EA00E57120 /* Favorite.storyboard in Resources */ = {isa = PBXBuildFile; fileRef = E2F0E326286E66EA00E57120 /* Favorite.storyboard */; };
		E2F0E329286E66F000E57120 /* Detail.storyboard in Resources */ = {isa = PBXBuildFile; fileRef = E2F0E328286E66F000E57120 /* Detail.storyboard */; };
/* End PBXBuildFile section */

/* Begin PBXContainerItemProxy section */
		E2C84346286BC15100424D24 /* PBXContainerItemProxy */ = {
			isa = PBXContainerItemProxy;
			containerPortal = E2C84327286BC15000424D24 /* Project object */;
			proxyType = 1;
			remoteGlobalIDString = E2C8432E286BC15000424D24;
			remoteInfo = GiphySearch;
		};
/* End PBXContainerItemProxy section */

/* Begin PBXFileReference section */
		14570F129D1E01C834330854 /* Pods-GiphySearchTests.release.xcconfig */ = {isa = PBXFileReference; includeInIndex = 1; lastKnownFileType = text.xcconfig; name = "Pods-GiphySearchTests.release.xcconfig"; path = "Target Support Files/Pods-GiphySearchTests/Pods-GiphySearchTests.release.xcconfig"; sourceTree = "<group>"; };
		3AD558B20CFE3C7A9578D2BE /* Pods-GiphySearch.release.xcconfig */ = {isa = PBXFileReference; includeInIndex = 1; lastKnownFileType = text.xcconfig; name = "Pods-GiphySearch.release.xcconfig"; path = "Target Support Files/Pods-GiphySearch/Pods-GiphySearch.release.xcconfig"; sourceTree = "<group>"; };
		B4828EB71869F4E1C00EDC48 /* Pods-GiphySearch-GiphySearchUITests.debug.xcconfig */ = {isa = PBXFileReference; includeInIndex = 1; lastKnownFileType = text.xcconfig; name = "Pods-GiphySearch-GiphySearchUITests.debug.xcconfig"; path = "Target Support Files/Pods-GiphySearch-GiphySearchUITests/Pods-GiphySearch-GiphySearchUITests.debug.xcconfig"; sourceTree = "<group>"; };
		D010C38CC0F595D4EE69C153 /* Pods_GiphySearch_GiphySearchUITests.framework */ = {isa = PBXFileReference; explicitFileType = wrapper.framework; includeInIndex = 0; path = Pods_GiphySearch_GiphySearchUITests.framework; sourceTree = BUILT_PRODUCTS_DIR; };
		D4FA3409179D9705B7C68593 /* Pods-GiphySearch-GiphySearchUITests.release.xcconfig */ = {isa = PBXFileReference; includeInIndex = 1; lastKnownFileType = text.xcconfig; name = "Pods-GiphySearch-GiphySearchUITests.release.xcconfig"; path = "Target Support Files/Pods-GiphySearch-GiphySearchUITests/Pods-GiphySearch-GiphySearchUITests.release.xcconfig"; sourceTree = "<group>"; };
		E0980F7659886E5AE1DCEE90 /* Pods_GiphySearch.framework */ = {isa = PBXFileReference; explicitFileType = wrapper.framework; includeInIndex = 0; path = Pods_GiphySearch.framework; sourceTree = BUILT_PRODUCTS_DIR; };
		E25693AF286C272400548C34 /* Cache.swift */ = {isa = PBXFileReference; lastKnownFileType = sourcecode.swift; path = Cache.swift; sourceTree = "<group>"; };
		E25693BD286C924600548C34 /* UserDefaultsExtension.swift */ = {isa = PBXFileReference; lastKnownFileType = sourcecode.swift; path = UserDefaultsExtension.swift; sourceTree = "<group>"; };
		E25693BF286C989900548C34 /* FavoriteManager.swift */ = {isa = PBXFileReference; lastKnownFileType = sourcecode.swift; path = FavoriteManager.swift; sourceTree = "<group>"; };
		E280922F286BCDF4000F2C5D /* SearchPresenter.swift */ = {isa = PBXFileReference; lastKnownFileType = sourcecode.swift; path = SearchPresenter.swift; sourceTree = "<group>"; };
		E2809230286BCDF4000F2C5D /* SearchWorker.swift */ = {isa = PBXFileReference; lastKnownFileType = sourcecode.swift; path = SearchWorker.swift; sourceTree = "<group>"; };
		E2809231286BCDF4000F2C5D /* SearchRouter.swift */ = {isa = PBXFileReference; lastKnownFileType = sourcecode.swift; path = SearchRouter.swift; sourceTree = "<group>"; };
		E2809232286BCDF4000F2C5D /* SearchModels.swift */ = {isa = PBXFileReference; lastKnownFileType = sourcecode.swift; path = SearchModels.swift; sourceTree = "<group>"; };
		E2809233286BCDF4000F2C5D /* SearchViewController.swift */ = {isa = PBXFileReference; lastKnownFileType = sourcecode.swift; path = SearchViewController.swift; sourceTree = "<group>"; };
		E2809234286BCDF4000F2C5D /* SearchInteractor.swift */ = {isa = PBXFileReference; lastKnownFileType = sourcecode.swift; path = SearchInteractor.swift; sourceTree = "<group>"; };
		E280923B286BD129000F2C5D /* Search.storyboard */ = {isa = PBXFileReference; lastKnownFileType = file.storyboard; path = Search.storyboard; sourceTree = "<group>"; };
		E280923E286BDCBF000F2C5D /* GiphyAPI.swift */ = {isa = PBXFileReference; lastKnownFileType = sourcecode.swift; path = GiphyAPI.swift; sourceTree = "<group>"; };
		E2809240286BE0B8000F2C5D /* Constants.swift */ = {isa = PBXFileReference; lastKnownFileType = sourcecode.swift; path = Constants.swift; sourceTree = "<group>"; };
		E2809244286BE182000F2C5D /* Meta.swift */ = {isa = PBXFileReference; lastKnownFileType = sourcecode.swift; path = Meta.swift; sourceTree = "<group>"; };
		E2809246286BE2D5000F2C5D /* Pagination.swift */ = {isa = PBXFileReference; lastKnownFileType = sourcecode.swift; path = Pagination.swift; sourceTree = "<group>"; };
		E2809248286BE753000F2C5D /* Gif.swift */ = {isa = PBXFileReference; lastKnownFileType = sourcecode.swift; path = Gif.swift; sourceTree = "<group>"; };
		E280924B286BEE22000F2C5D /* GifsResponse.swift */ = {isa = PBXFileReference; lastKnownFileType = sourcecode.swift; path = GifsResponse.swift; sourceTree = "<group>"; };
		E280924D286BF4E9000F2C5D /* ApiError.swift */ = {isa = PBXFileReference; lastKnownFileType = sourcecode.swift; path = ApiError.swift; sourceTree = "<group>"; };
		E2809250286BF55E000F2C5D /* SearchViewControllerTests.swift */ = {isa = PBXFileReference; lastKnownFileType = sourcecode.swift; path = SearchViewControllerTests.swift; sourceTree = "<group>"; };
		E2809251286BF55E000F2C5D /* SearchInteractorTests.swift */ = {isa = PBXFileReference; lastKnownFileType = sourcecode.swift; path = SearchInteractorTests.swift; sourceTree = "<group>"; };
		E2809252286BF55E000F2C5D /* SearchWorkerTests.swift */ = {isa = PBXFileReference; lastKnownFileType = sourcecode.swift; path = SearchWorkerTests.swift; sourceTree = "<group>"; };
		E2809253286BF55E000F2C5D /* SearchPresenterTests.swift */ = {isa = PBXFileReference; lastKnownFileType = sourcecode.swift; path = SearchPresenterTests.swift; sourceTree = "<group>"; };
		E283FC1E286C1826005AC4E4 /* GifItemCell.swift */ = {isa = PBXFileReference; lastKnownFileType = sourcecode.swift; path = GifItemCell.swift; sourceTree = "<group>"; };
		E2C8432F286BC15000424D24 /* GiphySearch.app */ = {isa = PBXFileReference; explicitFileType = wrapper.application; includeInIndex = 0; path = GiphySearch.app; sourceTree = BUILT_PRODUCTS_DIR; };
		E2C84332286BC15000424D24 /* AppDelegate.swift */ = {isa = PBXFileReference; lastKnownFileType = sourcecode.swift; path = AppDelegate.swift; sourceTree = "<group>"; };
		E2C8433B286BC15100424D24 /* Assets.xcassets */ = {isa = PBXFileReference; lastKnownFileType = folder.assetcatalog; path = Assets.xcassets; sourceTree = "<group>"; };
		E2C8433E286BC15100424D24 /* Base */ = {isa = PBXFileReference; lastKnownFileType = file.storyboard; name = Base; path = Base.lproj/LaunchScreen.storyboard; sourceTree = "<group>"; };
		E2C84340286BC15100424D24 /* Info.plist */ = {isa = PBXFileReference; lastKnownFileType = text.plist.xml; path = Info.plist; sourceTree = "<group>"; };
		E2C84345286BC15100424D24 /* GiphySearchTests.xctest */ = {isa = PBXFileReference; explicitFileType = wrapper.cfbundle; includeInIndex = 0; path = GiphySearchTests.xctest; sourceTree = BUILT_PRODUCTS_DIR; };
		E2C84349286BC15100424D24 /* GiphySearchTests.swift */ = {isa = PBXFileReference; lastKnownFileType = sourcecode.swift; path = GiphySearchTests.swift; sourceTree = "<group>"; };
		E2C84364286BC5B000424D24 /* README.md */ = {isa = PBXFileReference; fileEncoding = 4; lastKnownFileType = net.daringfireball.markdown; path = README.md; sourceTree = "<group>"; };
		E2F0E307286DDC0000E57120 /* DetailViewController.swift */ = {isa = PBXFileReference; fileEncoding = 4; lastKnownFileType = sourcecode.swift; path = DetailViewController.swift; sourceTree = "<group>"; };
		E2F0E308286DDC0000E57120 /* DetailPresenter.swift */ = {isa = PBXFileReference; fileEncoding = 4; lastKnownFileType = sourcecode.swift; path = DetailPresenter.swift; sourceTree = "<group>"; };
		E2F0E309286DDC0000E57120 /* DetailInteractor.swift */ = {isa = PBXFileReference; fileEncoding = 4; lastKnownFileType = sourcecode.swift; path = DetailInteractor.swift; sourceTree = "<group>"; };
		E2F0E30A286DDC0000E57120 /* DetailWorker.swift */ = {isa = PBXFileReference; fileEncoding = 4; lastKnownFileType = sourcecode.swift; path = DetailWorker.swift; sourceTree = "<group>"; };
		E2F0E30B286DDC0000E57120 /* DetailRouter.swift */ = {isa = PBXFileReference; fileEncoding = 4; lastKnownFileType = sourcecode.swift; path = DetailRouter.swift; sourceTree = "<group>"; };
		E2F0E30C286DDC0000E57120 /* DetailModels.swift */ = {isa = PBXFileReference; fileEncoding = 4; lastKnownFileType = sourcecode.swift; path = DetailModels.swift; sourceTree = "<group>"; };
		E2F0E313286DDFC500E57120 /* SearchHeaderViewCell.swift */ = {isa = PBXFileReference; lastKnownFileType = sourcecode.swift; path = SearchHeaderViewCell.swift; sourceTree = "<group>"; };
		E2F0E317286E667400E57120 /* FavoritePresenter.swift */ = {isa = PBXFileReference; lastKnownFileType = sourcecode.swift; path = FavoritePresenter.swift; sourceTree = "<group>"; };
		E2F0E318286E667400E57120 /* FavoriteWorker.swift */ = {isa = PBXFileReference; lastKnownFileType = sourcecode.swift; path = FavoriteWorker.swift; sourceTree = "<group>"; };
		E2F0E319286E667400E57120 /* FavoriteRouter.swift */ = {isa = PBXFileReference; lastKnownFileType = sourcecode.swift; path = FavoriteRouter.swift; sourceTree = "<group>"; };
		E2F0E31A286E667400E57120 /* FavoriteModels.swift */ = {isa = PBXFileReference; lastKnownFileType = sourcecode.swift; path = FavoriteModels.swift; sourceTree = "<group>"; };
		E2F0E31B286E667400E57120 /* FavoriteViewController.swift */ = {isa = PBXFileReference; lastKnownFileType = sourcecode.swift; path = FavoriteViewController.swift; sourceTree = "<group>"; };
		E2F0E31C286E667400E57120 /* FavoriteInteractor.swift */ = {isa = PBXFileReference; lastKnownFileType = sourcecode.swift; path = FavoriteInteractor.swift; sourceTree = "<group>"; };
		E2F0E323286E669500E57120 /* Main.storyboard */ = {isa = PBXFileReference; lastKnownFileType = file.storyboard; path = Main.storyboard; sourceTree = "<group>"; };
		E2F0E326286E66EA00E57120 /* Favorite.storyboard */ = {isa = PBXFileReference; lastKnownFileType = file.storyboard; path = Favorite.storyboard; sourceTree = "<group>"; };
		E2F0E328286E66F000E57120 /* Detail.storyboard */ = {isa = PBXFileReference; lastKnownFileType = file.storyboard; path = Detail.storyboard; sourceTree = "<group>"; };
		E5DA6F22857E8BA32D645374 /* Pods_GiphySearchTests.framework */ = {isa = PBXFileReference; explicitFileType = wrapper.framework; includeInIndex = 0; path = Pods_GiphySearchTests.framework; sourceTree = BUILT_PRODUCTS_DIR; };
		FCD32E99CE9C557899FD9F50 /* Pods-GiphySearch.debug.xcconfig */ = {isa = PBXFileReference; includeInIndex = 1; lastKnownFileType = text.xcconfig; name = "Pods-GiphySearch.debug.xcconfig"; path = "Target Support Files/Pods-GiphySearch/Pods-GiphySearch.debug.xcconfig"; sourceTree = "<group>"; };
		FE17AFF3C12EEE6CFB4EF6C3 /* Pods-GiphySearchTests.debug.xcconfig */ = {isa = PBXFileReference; includeInIndex = 1; lastKnownFileType = text.xcconfig; name = "Pods-GiphySearchTests.debug.xcconfig"; path = "Target Support Files/Pods-GiphySearchTests/Pods-GiphySearchTests.debug.xcconfig"; sourceTree = "<group>"; };
/* End PBXFileReference section */

/* Begin PBXFrameworksBuildPhase section */
		E2C8432C286BC15000424D24 /* Frameworks */ = {
			isa = PBXFrameworksBuildPhase;
			buildActionMask = 2147483647;
			files = (
				553BC3277FF092DA9B8BBDFD /* Pods_GiphySearch.framework in Frameworks */,
			);
			runOnlyForDeploymentPostprocessing = 0;
		};
		E2C84342286BC15100424D24 /* Frameworks */ = {
			isa = PBXFrameworksBuildPhase;
			buildActionMask = 2147483647;
			files = (
				AF94A0C6F47D2553FBA96E49 /* Pods_GiphySearchTests.framework in Frameworks */,
			);
			runOnlyForDeploymentPostprocessing = 0;
		};
/* End PBXFrameworksBuildPhase section */

/* Begin PBXGroup section */
		C9371FC7D8A3497BBFC4D296 /* Frameworks */ = {
			isa = PBXGroup;
			children = (
				E0980F7659886E5AE1DCEE90 /* Pods_GiphySearch.framework */,
				E5DA6F22857E8BA32D645374 /* Pods_GiphySearchTests.framework */,
				D010C38CC0F595D4EE69C153 /* Pods_GiphySearch_GiphySearchUITests.framework */,
			);
			name = Frameworks;
			sourceTree = "<group>";
		};
		E077066AB6925819D3295A6A /* Pods */ = {
			isa = PBXGroup;
			children = (
				FCD32E99CE9C557899FD9F50 /* Pods-GiphySearch.debug.xcconfig */,
				3AD558B20CFE3C7A9578D2BE /* Pods-GiphySearch.release.xcconfig */,
				FE17AFF3C12EEE6CFB4EF6C3 /* Pods-GiphySearchTests.debug.xcconfig */,
				14570F129D1E01C834330854 /* Pods-GiphySearchTests.release.xcconfig */,
				B4828EB71869F4E1C00EDC48 /* Pods-GiphySearch-GiphySearchUITests.debug.xcconfig */,
				D4FA3409179D9705B7C68593 /* Pods-GiphySearch-GiphySearchUITests.release.xcconfig */,
			);
			path = Pods;
			sourceTree = "<group>";
		};
		E25693AE286C271C00548C34 /* Common */ = {
			isa = PBXGroup;
			children = (
				E25693AF286C272400548C34 /* Cache.swift */,
				E25693BD286C924600548C34 /* UserDefaultsExtension.swift */,
				E25693BF286C989900548C34 /* FavoriteManager.swift */,
			);
			path = Common;
			sourceTree = "<group>";
		};
		E2809229286BC887000F2C5D /* Application */ = {
			isa = PBXGroup;
			children = (
				E2C84332286BC15000424D24 /* AppDelegate.swift */,
				E2809240286BE0B8000F2C5D /* Constants.swift */,
				E2F0E323286E669500E57120 /* Main.storyboard */,
			);
			path = Application;
			sourceTree = "<group>";
		};
		E280922A286BC902000F2C5D /* Scenes */ = {
			isa = PBXGroup;
			children = (
				E2F0E315286E665A00E57120 /* Favorite */,
				E2F0E306286DDC0000E57120 /* Detail */,
				E280922D286BCA78000F2C5D /* Search */,
			);
			path = Scenes;
			sourceTree = "<group>";
		};
		E280922B286BC975000F2C5D /* Resources */ = {
			isa = PBXGroup;
			children = (
				E2C8433B286BC15100424D24 /* Assets.xcassets */,
			);
			path = Resources;
			sourceTree = "<group>";
		};
		E280922C286BC980000F2C5D /* SupportingFiles */ = {
			isa = PBXGroup;
			children = (
				E2C8433D286BC15100424D24 /* LaunchScreen.storyboard */,
				E2C84340286BC15100424D24 /* Info.plist */,
			);
			path = SupportingFiles;
			sourceTree = "<group>";
		};
		E280922D286BCA78000F2C5D /* Search */ = {
			isa = PBXGroup;
			children = (
				E280923B286BD129000F2C5D /* Search.storyboard */,
				E2809233286BCDF4000F2C5D /* SearchViewController.swift */,
				E2809234286BCDF4000F2C5D /* SearchInteractor.swift */,
				E280922F286BCDF4000F2C5D /* SearchPresenter.swift */,
				E2809230286BCDF4000F2C5D /* SearchWorker.swift */,
				E2809231286BCDF4000F2C5D /* SearchRouter.swift */,
				E2809232286BCDF4000F2C5D /* SearchModels.swift */,
				E283FC1D286C1808005AC4E4 /* Cells */,
			);
			path = Search;
			sourceTree = "<group>";
		};
		E280923D286BDC9B000F2C5D /* Services */ = {
			isa = PBXGroup;
			children = (
				E280923E286BDCBF000F2C5D /* GiphyAPI.swift */,
			);
			path = Services;
			sourceTree = "<group>";
		};
		E2809242286BE16B000F2C5D /* Models */ = {
			isa = PBXGroup;
			children = (
				E2809243286BE17B000F2C5D /* Entities */,
				E280924A286BEDE8000F2C5D /* Responses */,
				E280924D286BF4E9000F2C5D /* ApiError.swift */,
			);
			path = Models;
			sourceTree = "<group>";
		};
		E2809243286BE17B000F2C5D /* Entities */ = {
			isa = PBXGroup;
			children = (
				E2809244286BE182000F2C5D /* Meta.swift */,
				E2809246286BE2D5000F2C5D /* Pagination.swift */,
				E2809248286BE753000F2C5D /* Gif.swift */,
			);
			path = Entities;
			sourceTree = "<group>";
		};
		E280924A286BEDE8000F2C5D /* Responses */ = {
			isa = PBXGroup;
			children = (
				E280924B286BEE22000F2C5D /* GifsResponse.swift */,
			);
			path = Responses;
			sourceTree = "<group>";
		};
		E280924F286BF54A000F2C5D /* Scenes */ = {
			isa = PBXGroup;
			children = (
				E2809250286BF55E000F2C5D /* SearchViewControllerTests.swift */,
				E2809251286BF55E000F2C5D /* SearchInteractorTests.swift */,
				E2809252286BF55E000F2C5D /* SearchWorkerTests.swift */,
				E2809253286BF55E000F2C5D /* SearchPresenterTests.swift */,
			);
			path = Scenes;
			sourceTree = "<group>";
		};
		E283FC1D286C1808005AC4E4 /* Cells */ = {
			isa = PBXGroup;
			children = (
				E283FC1E286C1826005AC4E4 /* GifItemCell.swift */,
				E2F0E313286DDFC500E57120 /* SearchHeaderViewCell.swift */,
			);
			path = Cells;
			sourceTree = "<group>";
		};
		E2C84326286BC15000424D24 = {
			isa = PBXGroup;
			children = (
				E2C84364286BC5B000424D24 /* README.md */,
				E2C84331286BC15000424D24 /* GiphySearch */,
				E2C84348286BC15100424D24 /* GiphySearchTests */,
				E2C84330286BC15000424D24 /* Products */,
				E077066AB6925819D3295A6A /* Pods */,
				C9371FC7D8A3497BBFC4D296 /* Frameworks */,
			);
			sourceTree = "<group>";
		};
		E2C84330286BC15000424D24 /* Products */ = {
			isa = PBXGroup;
			children = (
				E2C8432F286BC15000424D24 /* GiphySearch.app */,
				E2C84345286BC15100424D24 /* GiphySearchTests.xctest */,
			);
			name = Products;
			sourceTree = "<group>";
		};
		E2C84331286BC15000424D24 /* GiphySearch */ = {
			isa = PBXGroup;
			children = (
				E25693AE286C271C00548C34 /* Common */,
				E2809242286BE16B000F2C5D /* Models */,
				E280923D286BDC9B000F2C5D /* Services */,
				E2809229286BC887000F2C5D /* Application */,
				E280922A286BC902000F2C5D /* Scenes */,
				E280922B286BC975000F2C5D /* Resources */,
				E280922C286BC980000F2C5D /* SupportingFiles */,
			);
			path = GiphySearch;
			sourceTree = "<group>";
		};
		E2C84348286BC15100424D24 /* GiphySearchTests */ = {
			isa = PBXGroup;
			children = (
				E2C84349286BC15100424D24 /* GiphySearchTests.swift */,
				E280924F286BF54A000F2C5D /* Scenes */,
			);
			path = GiphySearchTests;
			sourceTree = "<group>";
		};
		E2F0E306286DDC0000E57120 /* Detail */ = {
			isa = PBXGroup;
			children = (
				E2F0E328286E66F000E57120 /* Detail.storyboard */,
				E2F0E307286DDC0000E57120 /* DetailViewController.swift */,
				E2F0E308286DDC0000E57120 /* DetailPresenter.swift */,
				E2F0E309286DDC0000E57120 /* DetailInteractor.swift */,
				E2F0E30A286DDC0000E57120 /* DetailWorker.swift */,
				E2F0E30B286DDC0000E57120 /* DetailRouter.swift */,
				E2F0E30C286DDC0000E57120 /* DetailModels.swift */,
			);
			path = Detail;
			sourceTree = "<group>";
		};
		E2F0E315286E665A00E57120 /* Favorite */ = {
			isa = PBXGroup;
			children = (
				E2F0E326286E66EA00E57120 /* Favorite.storyboard */,
				E2F0E317286E667400E57120 /* FavoritePresenter.swift */,
				E2F0E318286E667400E57120 /* FavoriteWorker.swift */,
				E2F0E319286E667400E57120 /* FavoriteRouter.swift */,
				E2F0E31A286E667400E57120 /* FavoriteModels.swift */,
				E2F0E31B286E667400E57120 /* FavoriteViewController.swift */,
				E2F0E31C286E667400E57120 /* FavoriteInteractor.swift */,
			);
			path = Favorite;
			sourceTree = "<group>";
		};
/* End PBXGroup section */

/* Begin PBXNativeTarget section */
		E2C8432E286BC15000424D24 /* GiphySearch */ = {
			isa = PBXNativeTarget;
			buildConfigurationList = E2C84359286BC15100424D24 /* Build configuration list for PBXNativeTarget "GiphySearch" */;
			buildPhases = (
				37F2B554A817335BF60D9F7B /* [CP] Check Pods Manifest.lock */,
				E2C8432B286BC15000424D24 /* Sources */,
				E2C8432C286BC15000424D24 /* Frameworks */,
				E2C8432D286BC15000424D24 /* Resources */,
				72FCD0A4BE4F2E614D27216E /* [CP] Embed Pods Frameworks */,
			);
			buildRules = (
			);
			dependencies = (
			);
			name = GiphySearch;
			productName = GiphySearch;
			productReference = E2C8432F286BC15000424D24 /* GiphySearch.app */;
			productType = "com.apple.product-type.application";
		};
		E2C84344286BC15100424D24 /* GiphySearchTests */ = {
			isa = PBXNativeTarget;
			buildConfigurationList = E2C8435C286BC15100424D24 /* Build configuration list for PBXNativeTarget "GiphySearchTests" */;
			buildPhases = (
				D5ABAD0432EFFC50C9600668 /* [CP] Check Pods Manifest.lock */,
				E2C84341286BC15100424D24 /* Sources */,
				E2C84342286BC15100424D24 /* Frameworks */,
				E2C84343286BC15100424D24 /* Resources */,
			);
			buildRules = (
			);
			dependencies = (
				E2C84347286BC15100424D24 /* PBXTargetDependency */,
			);
			name = GiphySearchTests;
			productName = GiphySearchTests;
			productReference = E2C84345286BC15100424D24 /* GiphySearchTests.xctest */;
			productType = "com.apple.product-type.bundle.unit-test";
		};
/* End PBXNativeTarget section */

/* Begin PBXProject section */
		E2C84327286BC15000424D24 /* Project object */ = {
			isa = PBXProject;
			attributes = {
				BuildIndependentTargetsInParallel = 1;
				LastSwiftUpdateCheck = 1330;
				LastUpgradeCheck = 1330;
				TargetAttributes = {
					E2C8432E286BC15000424D24 = {
						CreatedOnToolsVersion = 13.3;
					};
					E2C84344286BC15100424D24 = {
						CreatedOnToolsVersion = 13.3;
						TestTargetID = E2C8432E286BC15000424D24;
					};
				};
			};
			buildConfigurationList = E2C8432A286BC15000424D24 /* Build configuration list for PBXProject "GiphySearch" */;
			compatibilityVersion = "Xcode 13.0";
			developmentRegion = en;
			hasScannedForEncodings = 0;
			knownRegions = (
				en,
				Base,
			);
			mainGroup = E2C84326286BC15000424D24;
			productRefGroup = E2C84330286BC15000424D24 /* Products */;
			projectDirPath = "";
			projectRoot = "";
			targets = (
				E2C8432E286BC15000424D24 /* GiphySearch */,
				E2C84344286BC15100424D24 /* GiphySearchTests */,
			);
		};
/* End PBXProject section */

/* Begin PBXResourcesBuildPhase section */
		E2C8432D286BC15000424D24 /* Resources */ = {
			isa = PBXResourcesBuildPhase;
			buildActionMask = 2147483647;
			files = (
				E2C8433F286BC15100424D24 /* LaunchScreen.storyboard in Resources */,
				E2F0E324286E669500E57120 /* Main.storyboard in Resources */,
				E2F0E327286E66EA00E57120 /* Favorite.storyboard in Resources */,
				E2C8433C286BC15100424D24 /* Assets.xcassets in Resources */,
				E2F0E329286E66F000E57120 /* Detail.storyboard in Resources */,
				E280923C286BD129000F2C5D /* Search.storyboard in Resources */,
				E2C84365286BC5B000424D24 /* README.md in Resources */,
			);
			runOnlyForDeploymentPostprocessing = 0;
		};
		E2C84343286BC15100424D24 /* Resources */ = {
			isa = PBXResourcesBuildPhase;
			buildActionMask = 2147483647;
			files = (
			);
			runOnlyForDeploymentPostprocessing = 0;
		};
/* End PBXResourcesBuildPhase section */

/* Begin PBXShellScriptBuildPhase section */
		37F2B554A817335BF60D9F7B /* [CP] Check Pods Manifest.lock */ = {
			isa = PBXShellScriptBuildPhase;
			buildActionMask = 2147483647;
			files = (
			);
			inputFileListPaths = (
			);
			inputPaths = (
				"${PODS_PODFILE_DIR_PATH}/Podfile.lock",
				"${PODS_ROOT}/Manifest.lock",
			);
			name = "[CP] Check Pods Manifest.lock";
			outputFileListPaths = (
			);
			outputPaths = (
				"$(DERIVED_FILE_DIR)/Pods-GiphySearch-checkManifestLockResult.txt",
			);
			runOnlyForDeploymentPostprocessing = 0;
			shellPath = /bin/sh;
			shellScript = "diff \"${PODS_PODFILE_DIR_PATH}/Podfile.lock\" \"${PODS_ROOT}/Manifest.lock\" > /dev/null\nif [ $? != 0 ] ; then\n    # print error to STDERR\n    echo \"error: The sandbox is not in sync with the Podfile.lock. Run 'pod install' or update your CocoaPods installation.\" >&2\n    exit 1\nfi\n# This output is used by Xcode 'outputs' to avoid re-running this script phase.\necho \"SUCCESS\" > \"${SCRIPT_OUTPUT_FILE_0}\"\n";
			showEnvVarsInLog = 0;
		};
		72FCD0A4BE4F2E614D27216E /* [CP] Embed Pods Frameworks */ = {
			isa = PBXShellScriptBuildPhase;
			buildActionMask = 2147483647;
			files = (
			);
			inputFileListPaths = (
				"${PODS_ROOT}/Target Support Files/Pods-GiphySearch/Pods-GiphySearch-frameworks-${CONFIGURATION}-input-files.xcfilelist",
			);
			name = "[CP] Embed Pods Frameworks";
			outputFileListPaths = (
				"${PODS_ROOT}/Target Support Files/Pods-GiphySearch/Pods-GiphySearch-frameworks-${CONFIGURATION}-output-files.xcfilelist",
			);
			runOnlyForDeploymentPostprocessing = 0;
			shellPath = /bin/sh;
			shellScript = "\"${PODS_ROOT}/Target Support Files/Pods-GiphySearch/Pods-GiphySearch-frameworks.sh\"\n";
			showEnvVarsInLog = 0;
		};
		D5ABAD0432EFFC50C9600668 /* [CP] Check Pods Manifest.lock */ = {
			isa = PBXShellScriptBuildPhase;
			buildActionMask = 2147483647;
			files = (
			);
			inputFileListPaths = (
			);
			inputPaths = (
				"${PODS_PODFILE_DIR_PATH}/Podfile.lock",
				"${PODS_ROOT}/Manifest.lock",
			);
			name = "[CP] Check Pods Manifest.lock";
			outputFileListPaths = (
			);
			outputPaths = (
				"$(DERIVED_FILE_DIR)/Pods-GiphySearchTests-checkManifestLockResult.txt",
			);
			runOnlyForDeploymentPostprocessing = 0;
			shellPath = /bin/sh;
			shellScript = "diff \"${PODS_PODFILE_DIR_PATH}/Podfile.lock\" \"${PODS_ROOT}/Manifest.lock\" > /dev/null\nif [ $? != 0 ] ; then\n    # print error to STDERR\n    echo \"error: The sandbox is not in sync with the Podfile.lock. Run 'pod install' or update your CocoaPods installation.\" >&2\n    exit 1\nfi\n# This output is used by Xcode 'outputs' to avoid re-running this script phase.\necho \"SUCCESS\" > \"${SCRIPT_OUTPUT_FILE_0}\"\n";
			showEnvVarsInLog = 0;
		};
/* End PBXShellScriptBuildPhase section */

/* Begin PBXSourcesBuildPhase section */
		E2C8432B286BC15000424D24 /* Sources */ = {
			isa = PBXSourcesBuildPhase;
			buildActionMask = 2147483647;
			files = (
				E2809239286BCDF4000F2C5D /* SearchViewController.swift in Sources */,
				E280923A286BCDF4000F2C5D /* SearchInteractor.swift in Sources */,
				E2F0E314286DDFC500E57120 /* SearchHeaderViewCell.swift in Sources */,
				E2F0E30D286DDC0000E57120 /* DetailViewController.swift in Sources */,
				E2F0E321286E667400E57120 /* FavoriteViewController.swift in Sources */,
				E2F0E30F286DDC0000E57120 /* DetailInteractor.swift in Sources */,
				E2809237286BCDF4000F2C5D /* SearchRouter.swift in Sources */,
				E25693C0286C989900548C34 /* FavoriteManager.swift in Sources */,
				E2809236286BCDF4000F2C5D /* SearchWorker.swift in Sources */,
				E2F0E312286DDC0000E57120 /* DetailModels.swift in Sources */,
				E2F0E320286E667400E57120 /* FavoriteModels.swift in Sources */,
				E2809249286BE753000F2C5D /* Gif.swift in Sources */,
				E283FC1F286C1826005AC4E4 /* GifItemCell.swift in Sources */,
				E280923F286BDCBF000F2C5D /* GiphyAPI.swift in Sources */,
				E2C84333286BC15000424D24 /* AppDelegate.swift in Sources */,
				E280924E286BF4E9000F2C5D /* ApiError.swift in Sources */,
				E2809235286BCDF4000F2C5D /* SearchPresenter.swift in Sources */,
				E25693B0286C272400548C34 /* Cache.swift in Sources */,
				E280924C286BEE22000F2C5D /* GifsResponse.swift in Sources */,
				E25693BE286C924600548C34 /* UserDefaultsExtension.swift in Sources */,
				E2F0E31E286E667400E57120 /* FavoriteWorker.swift in Sources */,
				E2809247286BE2D5000F2C5D /* Pagination.swift in Sources */,
				E2F0E31F286E667400E57120 /* FavoriteRouter.swift in Sources */,
				E2F0E311286DDC0000E57120 /* DetailRouter.swift in Sources */,
				E2809238286BCDF4000F2C5D /* SearchModels.swift in Sources */,
				E2F0E322286E667400E57120 /* FavoriteInteractor.swift in Sources */,
				E2F0E30E286DDC0000E57120 /* DetailPresenter.swift in Sources */,
				E2809245286BE182000F2C5D /* Meta.swift in Sources */,
				E2F0E310286DDC0000E57120 /* DetailWorker.swift in Sources */,
				E2F0E31D286E667400E57120 /* FavoritePresenter.swift in Sources */,
				E2809241286BE0B8000F2C5D /* Constants.swift in Sources */,
			);
			runOnlyForDeploymentPostprocessing = 0;
		};
		E2C84341286BC15100424D24 /* Sources */ = {
			isa = PBXSourcesBuildPhase;
			buildActionMask = 2147483647;
			files = (
				E2809254286BF55E000F2C5D /* SearchViewControllerTests.swift in Sources */,
				E2809257286BF55E000F2C5D /* SearchPresenterTests.swift in Sources */,
				E2809256286BF55E000F2C5D /* SearchWorkerTests.swift in Sources */,
				E2C8434A286BC15100424D24 /* GiphySearchTests.swift in Sources */,
				E2809255286BF55E000F2C5D /* SearchInteractorTests.swift in Sources */,
			);
			runOnlyForDeploymentPostprocessing = 0;
		};
/* End PBXSourcesBuildPhase section */

/* Begin PBXTargetDependency section */
		E2C84347286BC15100424D24 /* PBXTargetDependency */ = {
			isa = PBXTargetDependency;
			target = E2C8432E286BC15000424D24 /* GiphySearch */;
			targetProxy = E2C84346286BC15100424D24 /* PBXContainerItemProxy */;
		};
/* End PBXTargetDependency section */

/* Begin PBXVariantGroup section */
		E2C8433D286BC15100424D24 /* LaunchScreen.storyboard */ = {
			isa = PBXVariantGroup;
			children = (
				E2C8433E286BC15100424D24 /* Base */,
			);
			name = LaunchScreen.storyboard;
			sourceTree = "<group>";
		};
/* End PBXVariantGroup section */

/* Begin XCBuildConfiguration section */
		E2C84357286BC15100424D24 /* Debug */ = {
			isa = XCBuildConfiguration;
			buildSettings = {
				ALWAYS_SEARCH_USER_PATHS = NO;
				CLANG_ANALYZER_NONNULL = YES;
				CLANG_ANALYZER_NUMBER_OBJECT_CONVERSION = YES_AGGRESSIVE;
				CLANG_CXX_LANGUAGE_STANDARD = "gnu++17";
				CLANG_ENABLE_MODULES = YES;
				CLANG_ENABLE_OBJC_ARC = YES;
				CLANG_ENABLE_OBJC_WEAK = YES;
				CLANG_WARN_BLOCK_CAPTURE_AUTORELEASING = YES;
				CLANG_WARN_BOOL_CONVERSION = YES;
				CLANG_WARN_COMMA = YES;
				CLANG_WARN_CONSTANT_CONVERSION = YES;
				CLANG_WARN_DEPRECATED_OBJC_IMPLEMENTATIONS = YES;
				CLANG_WARN_DIRECT_OBJC_ISA_USAGE = YES_ERROR;
				CLANG_WARN_DOCUMENTATION_COMMENTS = YES;
				CLANG_WARN_EMPTY_BODY = YES;
				CLANG_WARN_ENUM_CONVERSION = YES;
				CLANG_WARN_INFINITE_RECURSION = YES;
				CLANG_WARN_INT_CONVERSION = YES;
				CLANG_WARN_NON_LITERAL_NULL_CONVERSION = YES;
				CLANG_WARN_OBJC_IMPLICIT_RETAIN_SELF = YES;
				CLANG_WARN_OBJC_LITERAL_CONVERSION = YES;
				CLANG_WARN_OBJC_ROOT_CLASS = YES_ERROR;
				CLANG_WARN_QUOTED_INCLUDE_IN_FRAMEWORK_HEADER = YES;
				CLANG_WARN_RANGE_LOOP_ANALYSIS = YES;
				CLANG_WARN_STRICT_PROTOTYPES = YES;
				CLANG_WARN_SUSPICIOUS_MOVE = YES;
				CLANG_WARN_UNGUARDED_AVAILABILITY = YES_AGGRESSIVE;
				CLANG_WARN_UNREACHABLE_CODE = YES;
				CLANG_WARN__DUPLICATE_METHOD_MATCH = YES;
				COPY_PHASE_STRIP = NO;
				DEBUG_INFORMATION_FORMAT = dwarf;
				ENABLE_STRICT_OBJC_MSGSEND = YES;
				ENABLE_TESTABILITY = YES;
				GCC_C_LANGUAGE_STANDARD = gnu11;
				GCC_DYNAMIC_NO_PIC = NO;
				GCC_NO_COMMON_BLOCKS = YES;
				GCC_OPTIMIZATION_LEVEL = 0;
				GCC_PREPROCESSOR_DEFINITIONS = (
					"DEBUG=1",
					"$(inherited)",
				);
				GCC_WARN_64_TO_32_BIT_CONVERSION = YES;
				GCC_WARN_ABOUT_RETURN_TYPE = YES_ERROR;
				GCC_WARN_UNDECLARED_SELECTOR = YES;
				GCC_WARN_UNINITIALIZED_AUTOS = YES_AGGRESSIVE;
				GCC_WARN_UNUSED_FUNCTION = YES;
				GCC_WARN_UNUSED_VARIABLE = YES;
				IPHONEOS_DEPLOYMENT_TARGET = 13.0;
				MTL_ENABLE_DEBUG_INFO = INCLUDE_SOURCE;
				MTL_FAST_MATH = YES;
				ONLY_ACTIVE_ARCH = YES;
				SDKROOT = iphoneos;
				SWIFT_ACTIVE_COMPILATION_CONDITIONS = DEBUG;
				SWIFT_OPTIMIZATION_LEVEL = "-Onone";
			};
			name = Debug;
		};
		E2C84358286BC15100424D24 /* Release */ = {
			isa = XCBuildConfiguration;
			buildSettings = {
				ALWAYS_SEARCH_USER_PATHS = NO;
				CLANG_ANALYZER_NONNULL = YES;
				CLANG_ANALYZER_NUMBER_OBJECT_CONVERSION = YES_AGGRESSIVE;
				CLANG_CXX_LANGUAGE_STANDARD = "gnu++17";
				CLANG_ENABLE_MODULES = YES;
				CLANG_ENABLE_OBJC_ARC = YES;
				CLANG_ENABLE_OBJC_WEAK = YES;
				CLANG_WARN_BLOCK_CAPTURE_AUTORELEASING = YES;
				CLANG_WARN_BOOL_CONVERSION = YES;
				CLANG_WARN_COMMA = YES;
				CLANG_WARN_CONSTANT_CONVERSION = YES;
				CLANG_WARN_DEPRECATED_OBJC_IMPLEMENTATIONS = YES;
				CLANG_WARN_DIRECT_OBJC_ISA_USAGE = YES_ERROR;
				CLANG_WARN_DOCUMENTATION_COMMENTS = YES;
				CLANG_WARN_EMPTY_BODY = YES;
				CLANG_WARN_ENUM_CONVERSION = YES;
				CLANG_WARN_INFINITE_RECURSION = YES;
				CLANG_WARN_INT_CONVERSION = YES;
				CLANG_WARN_NON_LITERAL_NULL_CONVERSION = YES;
				CLANG_WARN_OBJC_IMPLICIT_RETAIN_SELF = YES;
				CLANG_WARN_OBJC_LITERAL_CONVERSION = YES;
				CLANG_WARN_OBJC_ROOT_CLASS = YES_ERROR;
				CLANG_WARN_QUOTED_INCLUDE_IN_FRAMEWORK_HEADER = YES;
				CLANG_WARN_RANGE_LOOP_ANALYSIS = YES;
				CLANG_WARN_STRICT_PROTOTYPES = YES;
				CLANG_WARN_SUSPICIOUS_MOVE = YES;
				CLANG_WARN_UNGUARDED_AVAILABILITY = YES_AGGRESSIVE;
				CLANG_WARN_UNREACHABLE_CODE = YES;
				CLANG_WARN__DUPLICATE_METHOD_MATCH = YES;
				COPY_PHASE_STRIP = NO;
				DEBUG_INFORMATION_FORMAT = "dwarf-with-dsym";
				ENABLE_NS_ASSERTIONS = NO;
				ENABLE_STRICT_OBJC_MSGSEND = YES;
				GCC_C_LANGUAGE_STANDARD = gnu11;
				GCC_NO_COMMON_BLOCKS = YES;
				GCC_WARN_64_TO_32_BIT_CONVERSION = YES;
				GCC_WARN_ABOUT_RETURN_TYPE = YES_ERROR;
				GCC_WARN_UNDECLARED_SELECTOR = YES;
				GCC_WARN_UNINITIALIZED_AUTOS = YES_AGGRESSIVE;
				GCC_WARN_UNUSED_FUNCTION = YES;
				GCC_WARN_UNUSED_VARIABLE = YES;
				IPHONEOS_DEPLOYMENT_TARGET = 13.0;
				MTL_ENABLE_DEBUG_INFO = NO;
				MTL_FAST_MATH = YES;
				SDKROOT = iphoneos;
				SWIFT_COMPILATION_MODE = wholemodule;
				SWIFT_OPTIMIZATION_LEVEL = "-O";
				VALIDATE_PRODUCT = YES;
			};
			name = Release;
		};
		E2C8435A286BC15100424D24 /* Debug */ = {
			isa = XCBuildConfiguration;
			baseConfigurationReference = FCD32E99CE9C557899FD9F50 /* Pods-GiphySearch.debug.xcconfig */;
			buildSettings = {
				ASSETCATALOG_COMPILER_APPICON_NAME = AppIcon;
				ASSETCATALOG_COMPILER_GLOBAL_ACCENT_COLOR_NAME = AccentColor;
				CODE_SIGN_STYLE = Automatic;
				CURRENT_PROJECT_VERSION = 1;
				DEVELOPMENT_TEAM = Z2H4L8MUJ3;
				GENERATE_INFOPLIST_FILE = YES;
				INFOPLIST_FILE = GiphySearch/SupportingFiles/Info.plist;
				INFOPLIST_KEY_UIApplicationSupportsIndirectInputEvents = YES;
				INFOPLIST_KEY_UILaunchStoryboardName = LaunchScreen;
				INFOPLIST_KEY_UISupportedInterfaceOrientations = UIInterfaceOrientationPortrait;
				INFOPLIST_KEY_UISupportedInterfaceOrientations_iPad = "UIInterfaceOrientationPortrait UIInterfaceOrientationPortraitUpsideDown UIInterfaceOrientationLandscapeLeft UIInterfaceOrientationLandscapeRight";
				INFOPLIST_KEY_UISupportedInterfaceOrientations_iPhone = "UIInterfaceOrientationPortrait UIInterfaceOrientationLandscapeLeft UIInterfaceOrientationLandscapeRight";
				IPHONEOS_DEPLOYMENT_TARGET = 13.0;
				LD_RUNPATH_SEARCH_PATHS = (
					"$(inherited)",
					"@executable_path/Frameworks",
				);
				MARKETING_VERSION = 1.0;
				PRODUCT_BUNDLE_IDENTIFIER = com.tophun.GiphySearch;
				PRODUCT_NAME = "$(TARGET_NAME)";
				SWIFT_EMIT_LOC_STRINGS = YES;
				SWIFT_VERSION = 5.0;
				TARGETED_DEVICE_FAMILY = 1;
			};
			name = Debug;
		};
		E2C8435B286BC15100424D24 /* Release */ = {
			isa = XCBuildConfiguration;
			baseConfigurationReference = 3AD558B20CFE3C7A9578D2BE /* Pods-GiphySearch.release.xcconfig */;
			buildSettings = {
				ASSETCATALOG_COMPILER_APPICON_NAME = AppIcon;
				ASSETCATALOG_COMPILER_GLOBAL_ACCENT_COLOR_NAME = AccentColor;
				CODE_SIGN_STYLE = Automatic;
				CURRENT_PROJECT_VERSION = 1;
				DEVELOPMENT_TEAM = Z2H4L8MUJ3;
				GENERATE_INFOPLIST_FILE = YES;
				INFOPLIST_FILE = GiphySearch/SupportingFiles/Info.plist;
				INFOPLIST_KEY_UIApplicationSupportsIndirectInputEvents = YES;
				INFOPLIST_KEY_UILaunchStoryboardName = LaunchScreen;
				INFOPLIST_KEY_UISupportedInterfaceOrientations = UIInterfaceOrientationPortrait;
				INFOPLIST_KEY_UISupportedInterfaceOrientations_iPad = "UIInterfaceOrientationPortrait UIInterfaceOrientationPortraitUpsideDown UIInterfaceOrientationLandscapeLeft UIInterfaceOrientationLandscapeRight";
				INFOPLIST_KEY_UISupportedInterfaceOrientations_iPhone = "UIInterfaceOrientationPortrait UIInterfaceOrientationLandscapeLeft UIInterfaceOrientationLandscapeRight";
				IPHONEOS_DEPLOYMENT_TARGET = 13.0;
				LD_RUNPATH_SEARCH_PATHS = (
					"$(inherited)",
					"@executable_path/Frameworks",
				);
				MARKETING_VERSION = 1.0;
				PRODUCT_BUNDLE_IDENTIFIER = com.tophun.GiphySearch;
				PRODUCT_NAME = "$(TARGET_NAME)";
				SWIFT_EMIT_LOC_STRINGS = YES;
				SWIFT_VERSION = 5.0;
				TARGETED_DEVICE_FAMILY = 1;
			};
			name = Release;
		};
		E2C8435D286BC15100424D24 /* Debug */ = {
			isa = XCBuildConfiguration;
			baseConfigurationReference = FE17AFF3C12EEE6CFB4EF6C3 /* Pods-GiphySearchTests.debug.xcconfig */;
			buildSettings = {
				ALWAYS_EMBED_SWIFT_STANDARD_LIBRARIES = YES;
				BUNDLE_LOADER = "$(TEST_HOST)";
				CODE_SIGN_STYLE = Automatic;
				CURRENT_PROJECT_VERSION = 1;
				DEVELOPMENT_TEAM = Z2H4L8MUJ3;
				GENERATE_INFOPLIST_FILE = YES;
				IPHONEOS_DEPLOYMENT_TARGET = 13.0;
				MARKETING_VERSION = 1.0;
				PRODUCT_BUNDLE_IDENTIFIER = com.tophun.GiphySearchTests;
				PRODUCT_NAME = "$(TARGET_NAME)";
				SWIFT_EMIT_LOC_STRINGS = NO;
				SWIFT_VERSION = 5.0;
				TARGETED_DEVICE_FAMILY = "1,2";
				TEST_HOST = "$(BUILT_PRODUCTS_DIR)/GiphySearch.app/GiphySearch";
			};
			name = Debug;
		};
		E2C8435E286BC15100424D24 /* Release */ = {
			isa = XCBuildConfiguration;
			baseConfigurationReference = 14570F129D1E01C834330854 /* Pods-GiphySearchTests.release.xcconfig */;
			buildSettings = {
				ALWAYS_EMBED_SWIFT_STANDARD_LIBRARIES = YES;
				BUNDLE_LOADER = "$(TEST_HOST)";
				CODE_SIGN_STYLE = Automatic;
				CURRENT_PROJECT_VERSION = 1;
				DEVELOPMENT_TEAM = Z2H4L8MUJ3;
				GENERATE_INFOPLIST_FILE = YES;
				IPHONEOS_DEPLOYMENT_TARGET = 13.0;
				MARKETING_VERSION = 1.0;
				PRODUCT_BUNDLE_IDENTIFIER = com.tophun.GiphySearchTests;
				PRODUCT_NAME = "$(TARGET_NAME)";
				SWIFT_EMIT_LOC_STRINGS = NO;
				SWIFT_VERSION = 5.0;
				TARGETED_DEVICE_FAMILY = "1,2";
				TEST_HOST = "$(BUILT_PRODUCTS_DIR)/GiphySearch.app/GiphySearch";
			};
			name = Release;
		};
/* End XCBuildConfiguration section */

/* Begin XCConfigurationList section */
		E2C8432A286BC15000424D24 /* Build configuration list for PBXProject "GiphySearch" */ = {
			isa = XCConfigurationList;
			buildConfigurations = (
				E2C84357286BC15100424D24 /* Debug */,
				E2C84358286BC15100424D24 /* Release */,
			);
			defaultConfigurationIsVisible = 0;
			defaultConfigurationName = Release;
		};
		E2C84359286BC15100424D24 /* Build configuration list for PBXNativeTarget "GiphySearch" */ = {
			isa = XCConfigurationList;
			buildConfigurations = (
				E2C8435A286BC15100424D24 /* Debug */,
				E2C8435B286BC15100424D24 /* Release */,
			);
			defaultConfigurationIsVisible = 0;
			defaultConfigurationName = Release;
		};
		E2C8435C286BC15100424D24 /* Build configuration list for PBXNativeTarget "GiphySearchTests" */ = {
			isa = XCConfigurationList;
			buildConfigurations = (
				E2C8435D286BC15100424D24 /* Debug */,
				E2C8435E286BC15100424D24 /* Release */,
			);
			defaultConfigurationIsVisible = 0;
			defaultConfigurationName = Release;
		};
/* End XCConfigurationList section */
	};
	rootObject = E2C84327286BC15000424D24 /* Project object */;
}
